
Microsoft Visual Studio Solution File, Format Version 12.00
# Visual Studio Version 16
VisualStudioVersion = 16.0.31025.194
MinimumVisualStudioVersion = 10.0.40219.1
Project("{FAE04EC0-301F-11D3-BF4B-00C04F79EFBC}") = "dotNetProject", "dotNetProject\dotNetProject.csproj", "{284E0E6D-CD38-489C-8E06-4FFE3AD7CDC5}"
EndProject
Global
	GlobalSection(SolutionConfigurationPlatforms) = preSolution
		Debug|Any CPU = Debug|Any CPU
		Release|Any CPU = Release|Any CPU
	EndGlobalSection
	GlobalSection(ProjectConfigurationPlatforms) = postSolution
		{284E0E6D-CD38-489C-8E06-4FFE3AD7CDC5}.Debug|Any CPU.ActiveCfg = Debug|Any CPU
		{284E0E6D-CD38-489C-8E06-4FFE3AD7CDC5}.Debug|Any CPU.Build.0 = Debug|Any CPU
		{284E0E6D-CD38-489C-8E06-4FFE3AD7CDC5}.Release|Any CPU.ActiveCfg = Release|Any CPU
		{284E0E6D-CD38-489C-8E06-4FFE3AD7CDC5}.Release|Any CPU.Build.0 = Release|Any CPU
	EndGlobalSection
	GlobalSection(SolutionProperties) = preSolution
		HideSolutionNode = FALSE
	EndGlobalSection
	GlobalSection(ExtensibilityGlobals) = postSolution
		SolutionGuid = {D7030946-2B89-4C29-B457-7291975E0714}
	EndGlobalSection
EndGlobal
